
Microsoft Visual Studio Solution File, Format Version 12.00
# Visual Studio Version 17
VisualStudioVersion = 17.8.34525.116
MinimumVisualStudioVersion = 10.0.40219.1
Project("{FAE04EC0-301F-11D3-BF4B-00C04F79EFBC}") = "COSC3407_Assignment5_Question7", "COSC3407_Assignment5_Question7\COSC3407_Assignment5_Question7.csproj", "{AA5715A1-FD19-487B-8797-6C22C2D1B507}"
EndProject
Global
	GlobalSection(SolutionConfigurationPlatforms) = preSolution
		Debug|Any CPU = Debug|Any CPU
		Release|Any CPU = Release|Any CPU
	EndGlobalSection
	GlobalSection(ProjectConfigurationPlatforms) = postSolution
		{AA5715A1-FD19-487B-8797-6C22C2D1B507}.Debug|Any CPU.ActiveCfg = Debug|Any CPU
		{AA5715A1-FD19-487B-8797-6C22C2D1B507}.Debug|Any CPU.Build.0 = Debug|Any CPU
		{AA5715A1-FD19-487B-8797-6C22C2D1B507}.Release|Any CPU.ActiveCfg = Release|Any CPU
		{AA5715A1-FD19-487B-8797-6C22C2D1B507}.Release|Any CPU.Build.0 = Release|Any CPU
	EndGlobalSection
	GlobalSection(SolutionProperties) = preSolution
		HideSolutionNode = FALSE
	EndGlobalSection
	GlobalSection(ExtensibilityGlobals) = postSolution
		SolutionGuid = {FAF45FA1-93F6-4E63-BD1A-9013D69EF2EC}
	EndGlobalSection
EndGlobal
